
Microsoft Visual Studio Solution File, Format Version 12.00
# Visual Studio Version 17
VisualStudioVersion = 17.0.32002.185
MinimumVisualStudioVersion = 10.0.40219.1
Project("{FAE04EC0-301F-11D3-BF4B-00C04F79EFBC}") = "FactoryPatternExercise", "FactoryPatternExercise\FactoryPatternExercise.csproj", "{F000DDFD-2831-46FE-9323-A9F8D338BE14}"
EndProject
Global
	GlobalSection(SolutionConfigurationPlatforms) = preSolution
		Debug|Any CPU = Debug|Any CPU
		Release|Any CPU = Release|Any CPU
	EndGlobalSection
	GlobalSection(ProjectConfigurationPlatforms) = postSolution
		{F000DDFD-2831-46FE-9323-A9F8D338BE14}.Debug|Any CPU.ActiveCfg = Debug|Any CPU
		{F000DDFD-2831-46FE-9323-A9F8D338BE14}.Debug|Any CPU.Build.0 = Debug|Any CPU
		{F000DDFD-2831-46FE-9323-A9F8D338BE14}.Release|Any CPU.ActiveCfg = Release|Any CPU
		{F000DDFD-2831-46FE-9323-A9F8D338BE14}.Release|Any CPU.Build.0 = Release|Any CPU
	EndGlobalSection
	GlobalSection(SolutionProperties) = preSolution
		HideSolutionNode = FALSE
	EndGlobalSection
	GlobalSection(ExtensibilityGlobals) = postSolution
		SolutionGuid = {0104075E-341D-4249-96C1-04E2F3781DBD}
	EndGlobalSection
EndGlobal
